PODS:
  - Flutter (1.0.0)
  - http_proxy (0.0.1):
    - Flutter

DEPENDENCIES:
  - Flutter (from `Flutter`)
  - http_proxy (from `.symlinks/plugins/http_proxy/ios`)

EXTERNAL SOURCES:
  Flutter:
    :path: Flutter
  http_proxy:
    :path: ".symlinks/plugins/http_proxy/ios"

SPEC CHECKSUMS:
  Flutter: 0e3d915762c693b495b44d77113d4970485de6ec
  http_proxy: 20f129d3e1c70cfdef92530b374c619832027729

PODFILE CHECKSUM: f32fb4e7c14f8b3ca19a369d7be425dd9241af27

COCOAPODS: 1.8.4
